
Microsoft Visual Studio Solution File, Format Version 12.00
# Visual Studio Version 17
VisualStudioVersion = 17.8.34330.188
MinimumVisualStudioVersion = 10.0.40219.1
Project("{9A19103F-16F7-4668-BE54-9A1E7A4F7556}") = "POO-Course", "POO-Course\POO-Course.csproj", "{0B0F30B5-6E99-4783-906C-774BE8C8E7F0}"
EndProject
Project("{FAE04EC0-301F-11D3-BF4B-00C04F79EFBC}") = "DelegateExercise", "DelegateExercise\DelegateExercise.csproj", "{89FDDF35-3826-4DCB-8E87-97D100FD8524}"
EndProject
Global
	GlobalSection(SolutionConfigurationPlatforms) = preSolution
		Debug|Any CPU = Debug|Any CPU
		Release|Any CPU = Release|Any CPU
	EndGlobalSection
	GlobalSection(ProjectConfigurationPlatforms) = postSolution
		{0B0F30B5-6E99-4783-906C-774BE8C8E7F0}.Debug|Any CPU.ActiveCfg = Debug|Any CPU
		{0B0F30B5-6E99-4783-906C-774BE8C8E7F0}.Debug|Any CPU.Build.0 = Debug|Any CPU
		{0B0F30B5-6E99-4783-906C-774BE8C8E7F0}.Release|Any CPU.ActiveCfg = Release|Any CPU
		{0B0F30B5-6E99-4783-906C-774BE8C8E7F0}.Release|Any CPU.Build.0 = Release|Any CPU
		{89FDDF35-3826-4DCB-8E87-97D100FD8524}.Debug|Any CPU.ActiveCfg = Debug|Any CPU
		{89FDDF35-3826-4DCB-8E87-97D100FD8524}.Debug|Any CPU.Build.0 = Debug|Any CPU
		{89FDDF35-3826-4DCB-8E87-97D100FD8524}.Release|Any CPU.ActiveCfg = Release|Any CPU
		{89FDDF35-3826-4DCB-8E87-97D100FD8524}.Release|Any CPU.Build.0 = Release|Any CPU
	EndGlobalSection
	GlobalSection(SolutionProperties) = preSolution
		HideSolutionNode = FALSE
	EndGlobalSection
	GlobalSection(ExtensibilityGlobals) = postSolution
		SolutionGuid = {4737FF63-653D-47C1-936C-431C9B15E0E5}
	EndGlobalSection
EndGlobal
